
Microsoft Visual Studio Solution File, Format Version 12.00
# Visual Studio 15
VisualStudioVersion = 15.0.27004.2009
MinimumVisualStudioVersion = 10.0.40219.1
Project("{FAE04EC0-301F-11D3-BF4B-00C04F79EFBC}") = "TrackPing", "TrackPing\TrackPing.csproj", "{25E88386-EB3E-4C3C-8A86-E2E2A95F58AB}"
EndProject
Global
	GlobalSection(SolutionConfigurationPlatforms) = preSolution
		Debug|Any CPU = Debug|Any CPU
		Release|Any CPU = Release|Any CPU
	EndGlobalSection
	GlobalSection(ProjectConfigurationPlatforms) = postSolution
		{25E88386-EB3E-4C3C-8A86-E2E2A95F58AB}.Debug|Any CPU.ActiveCfg = Debug|Any CPU
		{25E88386-EB3E-4C3C-8A86-E2E2A95F58AB}.Debug|Any CPU.Build.0 = Debug|Any CPU
		{25E88386-EB3E-4C3C-8A86-E2E2A95F58AB}.Release|Any CPU.ActiveCfg = Release|Any CPU
		{25E88386-EB3E-4C3C-8A86-E2E2A95F58AB}.Release|Any CPU.Build.0 = Release|Any CPU
	EndGlobalSection
	GlobalSection(SolutionProperties) = preSolution
		HideSolutionNode = FALSE
	EndGlobalSection
	GlobalSection(ExtensibilityGlobals) = postSolution
		SolutionGuid = {651E72B7-34C0-4ECC-B2DB-2AA8EF1C7775}
	EndGlobalSection
EndGlobal
